// !$*UTF8*$!
{
	archiveVersion = 1;
	classes = {
	};
	objectVersion = 70;
	objects = {

/* Begin PBXBuildFile section */
		381F420E2BFC9FBF00E357AE /* libc++.tbd in Frameworks */ = {isa = PBXBuildFile; fileRef = 381F420D2BFC9FB900E357AE /* libc++.tbd */; };
		38350BF62B53F73A00DD52B3 /* dylib_dobby_hook.h in Headers */ = {isa = PBXBuildFile; fileRef = 38350BF52B53F73A00DD52B3 /* dylib_dobby_hook.h */; };
		38350BF82B53F73A00DD52B3 /* dylib_dobby_hook.m in Sources */ = {isa = PBXBuildFile; fileRef = 38350BF72B53F73A00DD52B3 /* dylib_dobby_hook.m */; };
		38350C022B53F78900DD52B3 /* tinyhook.h in Headers */ = {isa = PBXBuildFile; fileRef = 38350C012B53F78900DD52B3 /* tinyhook.h */; };
		B5105EFA2E6B1D7400333727 /* dylib_dobby_hook.h in Headers */ = {isa = PBXBuildFile; fileRef = 38350BF52B53F73A00DD52B3 /* dylib_dobby_hook.h */; };
		B5105EFF2E6B1D7400333727 /* tinyhook.h in Headers */ = {isa = PBXBuildFile; fileRef = 38350C012B53F78900DD52B3 /* tinyhook.h */; };
		B5105F132E6B1D7400333727 /* dylib_dobby_hook.m in Sources */ = {isa = PBXBuildFile; fileRef = 38350BF72B53F73A00DD52B3 /* dylib_dobby_hook.m */; };
		B5105F402E6B1D7400333727 /* libc++.tbd in Frameworks */ = {isa = PBXBuildFile; fileRef = 381F420D2BFC9FB900E357AE /* libc++.tbd */; };
/* End PBXBuildFile section */

/* Begin PBXCopyFilesBuildPhase section */
		38350C032B53F86A00DD52B3 /* CopyFiles */ = {
			isa = PBXCopyFilesBuildPhase;
			buildActionMask = 2147483647;
			dstPath = "";
			dstSubfolderSpec = 10;
			files = (
			);
			runOnlyForDeploymentPostprocessing = 0;
		};
		B5105F412E6B1D7400333727 /* CopyFiles */ = {
			isa = PBXCopyFilesBuildPhase;
			buildActionMask = 2147483647;
			dstPath = "";
			dstSubfolderSpec = 10;
			files = (
			);
			runOnlyForDeploymentPostprocessing = 0;
		};
/* End PBXCopyFilesBuildPhase section */

/* Begin PBXFileReference section */
		381F420D2BFC9FB900E357AE /* libc++.tbd */ = {isa = PBXFileReference; lastKnownFileType = "sourcecode.text-based-dylib-definition"; name = "libc++.tbd"; path = "usr/lib/libc++.tbd"; sourceTree = SDKROOT; };
		38350BF22B53F73A00DD52B3 /* libdylib_dobby_hook.dylib */ = {isa = PBXFileReference; explicitFileType = "compiled.mach-o.dylib"; includeInIndex = 0; path = libdylib_dobby_hook.dylib; sourceTree = BUILT_PRODUCTS_DIR; };
		38350BF52B53F73A00DD52B3 /* dylib_dobby_hook.h */ = {isa = PBXFileReference; lastKnownFileType = sourcecode.c.h; path = dylib_dobby_hook.h; sourceTree = "<group>"; };
		38350BF72B53F73A00DD52B3 /* dylib_dobby_hook.m */ = {isa = PBXFileReference; lastKnownFileType = sourcecode.c.objc; path = dylib_dobby_hook.m; sourceTree = "<group>"; };
		38350C012B53F78900DD52B3 /* tinyhook.h */ = {isa = PBXFileReference; fileEncoding = 4; lastKnownFileType = sourcecode.c.h; path = tinyhook.h; sourceTree = "<group>"; };
		38350C072B53F96100DD52B3 /* insert_dylib */ = {isa = PBXFileReference; lastKnownFileType = "compiled.mach-o.executable"; path = insert_dylib; sourceTree = "<group>"; };
		38E793642B6C7FB6005677AA /* auto_hack.sh */ = {isa = PBXFileReference; lastKnownFileType = text.script.sh; path = auto_hack.sh; sourceTree = "<group>"; };
		B5105F462E6B1D7400333727 /* libdylib_dobby_hook.dylib */ = {isa = PBXFileReference; explicitFileType = "compiled.mach-o.dylib"; includeInIndex = 0; path = libdylib_dobby_hook.dylib; sourceTree = BUILT_PRODUCTS_DIR; };
		B57AEDBB2C5009F200B9C5FB /* dtrace_kill.d */ = {isa = PBXFileReference; lastKnownFileType = sourcecode.dtrace; path = dtrace_kill.d; sourceTree = "<group>"; };
		B57AEDBC2C5009F200B9C5FB /* SMJobBlessUtil-python3.py */ = {isa = PBXFileReference; lastKnownFileType = text.script.python; path = "SMJobBlessUtil-python3.py"; sourceTree = "<group>"; };
		B57AEDBD2C5009F200B9C5FB /* mac_patch_helper */ = {isa = PBXFileReference; lastKnownFileType = "compiled.mach-o.executable"; path = mac_patch_helper; sourceTree = "<group>"; };
		B5BE2D582C52A5E40056B3E2 /* build.sh */ = {isa = PBXFileReference; fileEncoding = 4; lastKnownFileType = text.script.sh; path = build.sh; sourceTree = "<group>"; };
		B5BE2D592C52A5E40056B3E2 /* CMakeLists.txt */ = {isa = PBXFileReference; fileEncoding = 4; lastKnownFileType = text; path = CMakeLists.txt; sourceTree = "<group>"; };
		B5BE2D5A2C52A5E40056B3E2 /* LICENSE */ = {isa = PBXFileReference; fileEncoding = 4; lastKnownFileType = text; path = LICENSE; sourceTree = "<group>"; };
		B5BE2D5B2C52A5E40056B3E2 /* README.md */ = {isa = PBXFileReference; fileEncoding = 4; lastKnownFileType = net.daringfireball.markdown; path = README.md; sourceTree = "<group>"; };
/* End PBXFileReference section */

/* Begin PBXFileSystemSynchronizedBuildFileExceptionSet section */
		B5105F472E6B1D7400333727 /* PBXFileSystemSynchronizedBuildFileExceptionSet */ = {
			isa = PBXFileSystemSynchronizedBuildFileExceptionSet;
			membershipExceptions = (
				libtinyhook.a,
			);
			target = B5105EF12E6B1D7400333727 /* dylib_dobby_hook_ios */;
		};
		B5105F4B2E6B1FDA00333727 /* PBXFileSystemSynchronizedBuildFileExceptionSet */ = {
			isa = PBXFileSystemSynchronizedBuildFileExceptionSet;
			membershipExceptions = (
				libtinyhook.a,
			);
			target = B5105EF12E6B1D7400333727 /* dylib_dobby_hook_ios */;
		};
/* End PBXFileSystemSynchronizedBuildFileExceptionSet section */

/* Begin PBXFileSystemSynchronizedRootGroup section */
		B5105EE62E6B12D400333727 /* mac */ = {isa = PBXFileSystemSynchronizedRootGroup; exceptions = (B5105F472E6B1D7400333727 /* PBXFileSystemSynchronizedBuildFileExceptionSet */, ); explicitFileTypes = {}; explicitFolders = (); path = mac; sourceTree = "<group>"; };
		B5105EE92E6B12E000333727 /* ios */ = {isa = PBXFileSystemSynchronizedRootGroup; exceptions = (B5105F4B2E6B1FDA00333727 /* PBXFileSystemSynchronizedBuildFileExceptionSet */, ); explicitFileTypes = {}; explicitFolders = (); path = ios; sourceTree = "<group>"; };
/* End PBXFileSystemSynchronizedRootGroup section */

/* Begin PBXFrameworksBuildPhase section */
		38350BF02B53F73A00DD52B3 /* Frameworks */ = {
			isa = PBXFrameworksBuildPhase;
			buildActionMask = 2147483647;
			files = (
				381F420E2BFC9FBF00E357AE /* libc++.tbd in Frameworks */,
			);
			runOnlyForDeploymentPostprocessing = 0;
		};
		B5105F3F2E6B1D7400333727 /* Frameworks */ = {
			isa = PBXFrameworksBuildPhase;
			buildActionMask = 2147483647;
			files = (
				B5105F402E6B1D7400333727 /* libc++.tbd in Frameworks */,
			);
			runOnlyForDeploymentPostprocessing = 0;
		};
/* End PBXFrameworksBuildPhase section */

/* Begin PBXGroup section */
		381F420B2BFC9FB100E357AE /* Frameworks */ = {
			isa = PBXGroup;
			children = (
				381F420D2BFC9FB900E357AE /* libc++.tbd */,
			);
			name = Frameworks;
			sourceTree = "<group>";
		};
		38350BE92B53F73A00DD52B3 = {
			isa = PBXGroup;
			children = (
				B5BE2D582C52A5E40056B3E2 /* build.sh */,
				B5BE2D592C52A5E40056B3E2 /* CMakeLists.txt */,
				B5BE2D5A2C52A5E40056B3E2 /* LICENSE */,
				B5BE2D5B2C52A5E40056B3E2 /* README.md */,
				38350C0B2B5407CD00DD52B3 /* release */,
				38350C082B54047F00DD52B3 /* script */,
				38350C062B53F93D00DD52B3 /* tools */,
				38350BFE2B53F76800DD52B3 /* libs */,
				38350BF42B53F73A00DD52B3 /* dylib_dobby_hook */,
				38350BF32B53F73A00DD52B3 /* Products */,
				381F420B2BFC9FB100E357AE /* Frameworks */,
			);
			sourceTree = "<group>";
		};
		38350BF32B53F73A00DD52B3 /* Products */ = {
			isa = PBXGroup;
			children = (
				38350BF22B53F73A00DD52B3 /* libdylib_dobby_hook.dylib */,
				B5105F462E6B1D7400333727 /* libdylib_dobby_hook.dylib */,
			);
			name = Products;
			sourceTree = "<group>";
		};
		38350BF42B53F73A00DD52B3 /* dylib_dobby_hook */ = {
			isa = PBXGroup;
			children = (
				B581601D2BE894A2001DDB9B /* common */,
				B5105F4C2E6B277500333727 /* ios */,
				B5105EE42E6B122700333727 /* mac */,
				38350BF52B53F73A00DD52B3 /* dylib_dobby_hook.h */,
				38350BF72B53F73A00DD52B3 /* dylib_dobby_hook.m */,
				38350C012B53F78900DD52B3 /* tinyhook.h */,
			);
			path = dylib_dobby_hook;
			sourceTree = "<group>";
		};
		38350BFE2B53F76800DD52B3 /* libs */ = {
			isa = PBXGroup;
			children = (
				B5105EE92E6B12E000333727 /* ios */,
				B5105EE62E6B12D400333727 /* mac */,
			);
			path = libs;
			sourceTree = "<group>";
		};
		38350C062B53F93D00DD52B3 /* tools */ = {
			isa = PBXGroup;
			children = (
				B57AEDBB2C5009F200B9C5FB /* dtrace_kill.d */,
				B57AEDBD2C5009F200B9C5FB /* mac_patch_helper */,
				B57AEDBC2C5009F200B9C5FB /* SMJobBlessUtil-python3.py */,
				38350C072B53F96100DD52B3 /* insert_dylib */,
			);
			path = tools;
			sourceTree = "<group>";
		};
		38350C082B54047F00DD52B3 /* script */ = {
			isa = PBXGroup;
			children = (
				B5BE2D572C52A4530056B3E2 /* apps */,
				38E793642B6C7FB6005677AA /* auto_hack.sh */,
			);
			path = script;
			sourceTree = "<group>";
		};
		38350C0B2B5407CD00DD52B3 /* release */ = {
			isa = PBXGroup;
			children = (
			);
			path = release;
			sourceTree = "<group>";
		};
		B5105EE42E6B122700333727 /* mac */ = {
			isa = PBXFileSystemSynchronizedRootGroup;
			explicitFileTypes = {};
			explicitFolders = ();
			path = mac;
			sourceTree = "<group>";
		};
		B5105F4C2E6B277500333727 /* ios */ = {
			isa = PBXFileSystemSynchronizedRootGroup;
			explicitFileTypes = {};
			explicitFolders = ();
			path = ios;
			sourceTree = "<group>";
		};
		B581601D2BE894A2001DDB9B /* common */ = {
			isa = PBXFileSystemSynchronizedRootGroup;
			explicitFileTypes = {};
			explicitFolders = ();
			path = common;
			sourceTree = "<group>";
		};
		B5BE2D572C52A4530056B3E2 /* apps */ = {
			isa = PBXGroup;
			children = (
			);
			path = apps;
			sourceTree = "<group>";
		};
/* End PBXGroup section */

/* Begin PBXHeadersBuildPhase section */
		38350BEE2B53F73A00DD52B3 /* Headers */ = {
			isa = PBXHeadersBuildPhase;
			buildActionMask = 2147483647;
			files = (
				38350BF62B53F73A00DD52B3 /* dylib_dobby_hook.h in Headers */,
				38350C022B53F78900DD52B3 /* tinyhook.h in Headers */,
			);
			runOnlyForDeploymentPostprocessing = 0;
		};
		B5105EF22E6B1D7400333727 /* Headers */ = {
			isa = PBXHeadersBuildPhase;
			buildActionMask = 2147483647;
			files = (
				B5105EFA2E6B1D7400333727 /* dylib_dobby_hook.h in Headers */,
				B5105EFF2E6B1D7400333727 /* tinyhook.h in Headers */,
			);
			runOnlyForDeploymentPostprocessing = 0;
		};
/* End PBXHeadersBuildPhase section */

/* Begin PBXNativeTarget section */
		38350BF12B53F73A00DD52B3 /* dylib_dobby_hook_mac */ = {
			isa = PBXNativeTarget;
			buildConfigurationList = 38350BFB2B53F73A00DD52B3 /* Build configuration list for PBXNativeTarget "dylib_dobby_hook_mac" */;
			buildPhases = (
				38350BEE2B53F73A00DD52B3 /* Headers */,
				38350BEF2B53F73A00DD52B3 /* Sources */,
				38350BF02B53F73A00DD52B3 /* Frameworks */,
				38350C032B53F86A00DD52B3 /* CopyFiles */,
				38350C052B53F90300DD52B3 /* Run Script */,
			);
			buildRules = (
			);
			dependencies = (
			);
			fileSystemSynchronizedGroups = (
				B581601D2BE894A2001DDB9B /* common */,
				B5105EE42E6B122700333727 /* mac */,
				B5105EE62E6B12D400333727 /* mac */,
			);
			name = dylib_dobby_hook_mac;
			productName = dylib_dobby_hook;
			productReference = 38350BF22B53F73A00DD52B3 /* libdylib_dobby_hook.dylib */;
			productType = "com.apple.product-type.library.dynamic";
		};
		B5105EF12E6B1D7400333727 /* dylib_dobby_hook_ios */ = {
			isa = PBXNativeTarget;
			buildConfigurationList = B5105F432E6B1D7400333727 /* Build configuration list for PBXNativeTarget "dylib_dobby_hook_ios" */;
			buildPhases = (
				B5105EF22E6B1D7400333727 /* Headers */,
				B5105F052E6B1D7400333727 /* Sources */,
				B5105F3F2E6B1D7400333727 /* Frameworks */,
				B5105F412E6B1D7400333727 /* CopyFiles */,
				B5105F422E6B1D7400333727 /* Run Script */,
			);
			buildRules = (
			);
			dependencies = (
			);
			fileSystemSynchronizedGroups = (
				B5105EE92E6B12E000333727 /* ios */,
				B5105F4C2E6B277500333727 /* ios */,
				B581601D2BE894A2001DDB9B /* common */,
			);
			name = dylib_dobby_hook_ios;
			productName = dylib_dobby_hook;
			productReference = B5105F462E6B1D7400333727 /* libdylib_dobby_hook.dylib */;
			productType = "com.apple.product-type.library.dynamic";
		};
/* End PBXNativeTarget section */

/* Begin PBXProject section */
		38350BEA2B53F73A00DD52B3 /* Project object */ = {
			isa = PBXProject;
			attributes = {
				BuildIndependentTargetsInParallel = 1;
				LastUpgradeCheck = 1620;
				TargetAttributes = {
					38350BF12B53F73A00DD52B3 = {
						CreatedOnToolsVersion = 15.2;
					};
				};
			};
			buildConfigurationList = 38350BED2B53F73A00DD52B3 /* Build configuration list for PBXProject "dylib_dobby_hook" */;
			compatibilityVersion = "Xcode 14.0";
			developmentRegion = en;
			hasScannedForEncodings = 0;
			knownRegions = (
				en,
				Base,
			);
			mainGroup = 38350BE92B53F73A00DD52B3;
			productRefGroup = 38350BF32B53F73A00DD52B3 /* Products */;
			projectDirPath = "";
			projectRoot = "";
			targets = (
				38350BF12B53F73A00DD52B3 /* dylib_dobby_hook_mac */,
				B5105EF12E6B1D7400333727 /* dylib_dobby_hook_ios */,
			);
		};
/* End PBXProject section */

/* Begin PBXShellScriptBuildPhase section */
		38350C052B53F90300DD52B3 /* Run Script */ = {
			isa = PBXShellScriptBuildPhase;
			alwaysOutOfDate = 1;
			buildActionMask = 2147483647;
			files = (
			);
			inputFileListPaths = (
			);
			inputPaths = (
			);
			name = "Run Script";
			outputFileListPaths = (
			);
			outputPaths = (
			);
			runOnlyForDeploymentPostprocessing = 0;
			shellPath = /bin/sh;
			shellScript = "RELEASE_DIR=\"${PROJECT_DIR}/release/mac\"\nmkdir -p $RELEASE_DIR\ncp -f \"${BUILT_PRODUCTS_DIR}/libdylib_dobby_hook.dylib\" \"$RELEASE_DIR/\"\necho \"✅ Copied ${BUILT_PRODUCTS_DIR}/libdylib_dobby_hook.dylib to $RELEASE_DIR/\"\n";
		};
		B5105F422E6B1D7400333727 /* Run Script */ = {
			isa = PBXShellScriptBuildPhase;
			alwaysOutOfDate = 1;
			buildActionMask = 2147483647;
			files = (
			);
			inputFileListPaths = (
			);
			inputPaths = (
			);
			name = "Run Script";
			outputFileListPaths = (
			);
			outputPaths = (
			);
			runOnlyForDeploymentPostprocessing = 0;
			shellPath = /bin/sh;
			shellScript = "RELEASE_DIR=\"${PROJECT_DIR}/release/ios\"\nmkdir -p $RELEASE_DIR\ncp -f \"${BUILT_PRODUCTS_DIR}/libdylib_dobby_hook.dylib\" \"$RELEASE_DIR/\"\necho \"✅ Copied ${BUILT_PRODUCTS_DIR}/libdylib_dobby_hook.dylib to $RELEASE_DIR/\"\n";
		};
/* End PBXShellScriptBuildPhase section */

/* Begin PBXSourcesBuildPhase section */
		38350BEF2B53F73A00DD52B3 /* Sources */ = {
			isa = PBXSourcesBuildPhase;
			buildActionMask = 2147483647;
			files = (
				38350BF82B53F73A00DD52B3 /* dylib_dobby_hook.m in Sources */,
			);
			runOnlyForDeploymentPostprocessing = 0;
		};
		B5105F052E6B1D7400333727 /* Sources */ = {
			isa = PBXSourcesBuildPhase;
			buildActionMask = 2147483647;
			files = (
				B5105F132E6B1D7400333727 /* dylib_dobby_hook.m in Sources */,
			);
			runOnlyForDeploymentPostprocessing = 0;
		};
/* End PBXSourcesBuildPhase section */

/* Begin XCBuildConfiguration section */
		38350BF92B53F73A00DD52B3 /* Debug */ = {
			isa = XCBuildConfiguration;
			buildSettings = {
				ALWAYS_SEARCH_USER_PATHS = NO;
				ASSETCATALOG_COMPILER_GENERATE_SWIFT_ASSET_SYMBOL_EXTENSIONS = YES;
				CLANG_ANALYZER_NONNULL = YES;
				CLANG_ANALYZER_NUMBER_OBJECT_CONVERSION = YES_AGGRESSIVE;
				CLANG_CXX_LANGUAGE_STANDARD = "gnu++20";
				CLANG_ENABLE_MODULES = YES;
				CLANG_ENABLE_OBJC_ARC = YES;
				CLANG_ENABLE_OBJC_WEAK = YES;
				CLANG_WARN_BLOCK_CAPTURE_AUTORELEASING = YES;
				CLANG_WARN_BOOL_CONVERSION = YES;
				CLANG_WARN_COMMA = YES;
				CLANG_WARN_CONSTANT_CONVERSION = YES;
				CLANG_WARN_DEPRECATED_OBJC_IMPLEMENTATIONS = YES;
				CLANG_WARN_DIRECT_OBJC_ISA_USAGE = YES_ERROR;
				CLANG_WARN_DOCUMENTATION_COMMENTS = YES;
				CLANG_WARN_EMPTY_BODY = YES;
				CLANG_WARN_ENUM_CONVERSION = YES;
				CLANG_WARN_INFINITE_RECURSION = YES;
				CLANG_WARN_INT_CONVERSION = YES;
				CLANG_WARN_NON_LITERAL_NULL_CONVERSION = YES;
				CLANG_WARN_OBJC_IMPLICIT_RETAIN_SELF = YES;
				CLANG_WARN_OBJC_LITERAL_CONVERSION = YES;
				CLANG_WARN_OBJC_ROOT_CLASS = YES_ERROR;
				CLANG_WARN_QUOTED_INCLUDE_IN_FRAMEWORK_HEADER = YES;
				CLANG_WARN_RANGE_LOOP_ANALYSIS = YES;
				CLANG_WARN_STRICT_PROTOTYPES = YES;
				CLANG_WARN_SUSPICIOUS_MOVE = YES;
				CLANG_WARN_UNGUARDED_AVAILABILITY = YES_AGGRESSIVE;
				CLANG_WARN_UNREACHABLE_CODE = YES;
				CLANG_WARN__DUPLICATE_METHOD_MATCH = YES;
				COPY_PHASE_STRIP = NO;
				DEAD_CODE_STRIPPING = YES;
				DEBUG_INFORMATION_FORMAT = dwarf;
				ENABLE_STRICT_OBJC_MSGSEND = YES;
				ENABLE_TESTABILITY = YES;
				ENABLE_USER_SCRIPT_SANDBOXING = NO;
				GCC_C_LANGUAGE_STANDARD = gnu17;
				GCC_DYNAMIC_NO_PIC = NO;
				GCC_NO_COMMON_BLOCKS = YES;
				GCC_OPTIMIZATION_LEVEL = 0;
				GCC_PREPROCESSOR_DEFINITIONS = (
					"DEBUG=1",
					"$(inherited)",
				);
				GCC_WARN_64_TO_32_BIT_CONVERSION = YES;
				GCC_WARN_ABOUT_RETURN_TYPE = YES_ERROR;
				GCC_WARN_UNDECLARED_SELECTOR = YES;
				GCC_WARN_UNINITIALIZED_AUTOS = YES_AGGRESSIVE;
				GCC_WARN_UNUSED_FUNCTION = YES;
				GCC_WARN_UNUSED_VARIABLE = YES;
				"LD_RUNPATH_SEARCH_PATHS[arch=*]" = "";
				LOCALIZATION_PREFERS_STRING_CATALOGS = YES;
				MACOSX_DEPLOYMENT_TARGET = 14.2;
				MTL_ENABLE_DEBUG_INFO = INCLUDE_SOURCE;
				MTL_FAST_MATH = YES;
				ONLY_ACTIVE_ARCH = YES;
				SDKROOT = macosx;
			};
			name = Debug;
		};
		38350BFA2B53F73A00DD52B3 /* Release */ = {
			isa = XCBuildConfiguration;
			buildSettings = {
				ALWAYS_SEARCH_USER_PATHS = NO;
				ASSETCATALOG_COMPILER_GENERATE_SWIFT_ASSET_SYMBOL_EXTENSIONS = YES;
				CLANG_ANALYZER_NONNULL = YES;
				CLANG_ANALYZER_NUMBER_OBJECT_CONVERSION = YES_AGGRESSIVE;
				CLANG_CXX_LANGUAGE_STANDARD = "gnu++20";
				CLANG_ENABLE_MODULES = YES;
				CLANG_ENABLE_OBJC_ARC = YES;
				CLANG_ENABLE_OBJC_WEAK = YES;
				CLANG_WARN_BLOCK_CAPTURE_AUTORELEASING = YES;
				CLANG_WARN_BOOL_CONVERSION = YES;
				CLANG_WARN_COMMA = YES;
				CLANG_WARN_CONSTANT_CONVERSION = YES;
				CLANG_WARN_DEPRECATED_OBJC_IMPLEMENTATIONS = YES;
				CLANG_WARN_DIRECT_OBJC_ISA_USAGE = YES_ERROR;
				CLANG_WARN_DOCUMENTATION_COMMENTS = YES;
				CLANG_WARN_EMPTY_BODY = YES;
				CLANG_WARN_ENUM_CONVERSION = YES;
				CLANG_WARN_INFINITE_RECURSION = YES;
				CLANG_WARN_INT_CONVERSION = YES;
				CLANG_WARN_NON_LITERAL_NULL_CONVERSION = YES;
				CLANG_WARN_OBJC_IMPLICIT_RETAIN_SELF = YES;
				CLANG_WARN_OBJC_LITERAL_CONVERSION = YES;
				CLANG_WARN_OBJC_ROOT_CLASS = YES_ERROR;
				CLANG_WARN_QUOTED_INCLUDE_IN_FRAMEWORK_HEADER = YES;
				CLANG_WARN_RANGE_LOOP_ANALYSIS = YES;
				CLANG_WARN_STRICT_PROTOTYPES = YES;
				CLANG_WARN_SUSPICIOUS_MOVE = YES;
				CLANG_WARN_UNGUARDED_AVAILABILITY = YES_AGGRESSIVE;
				CLANG_WARN_UNREACHABLE_CODE = YES;
				CLANG_WARN__DUPLICATE_METHOD_MATCH = YES;
				COPY_PHASE_STRIP = NO;
				DEAD_CODE_STRIPPING = YES;
				DEBUG_INFORMATION_FORMAT = "dwarf-with-dsym";
				ENABLE_NS_ASSERTIONS = NO;
				ENABLE_STRICT_OBJC_MSGSEND = YES;
				ENABLE_USER_SCRIPT_SANDBOXING = NO;
				GCC_C_LANGUAGE_STANDARD = gnu17;
				GCC_NO_COMMON_BLOCKS = YES;
				GCC_OPTIMIZATION_LEVEL = 0;
				GCC_WARN_64_TO_32_BIT_CONVERSION = YES;
				GCC_WARN_ABOUT_RETURN_TYPE = YES_ERROR;
				GCC_WARN_UNDECLARED_SELECTOR = YES;
				GCC_WARN_UNINITIALIZED_AUTOS = YES_AGGRESSIVE;
				GCC_WARN_UNUSED_FUNCTION = YES;
				GCC_WARN_UNUSED_VARIABLE = YES;
				LOCALIZATION_PREFERS_STRING_CATALOGS = YES;
				MACOSX_DEPLOYMENT_TARGET = 14.2;
				MTL_ENABLE_DEBUG_INFO = NO;
				MTL_FAST_MATH = YES;
				SDKROOT = macosx;
			};
			name = Release;
		};
		38350BFC2B53F73A00DD52B3 /* Debug */ = {
			isa = XCBuildConfiguration;
			buildSettings = {
				CODE_SIGN_STYLE = Automatic;
				DEAD_CODE_STRIPPING = YES;
				DYLIB_COMPATIBILITY_VERSION = 1;
				DYLIB_CURRENT_VERSION = 1;
				ENABLE_USER_SCRIPT_SANDBOXING = NO;
				EXECUTABLE_PREFIX = lib;
				"LD_RUNPATH_SEARCH_PATHS[arch=*]" = "@executable_path/";
				LIBRARY_SEARCH_PATHS = (
					"$(inherited)",
					"$(PROJECT_DIR)/libs",
					"$(PROJECT_DIR)/libs/mac",
				);
				MACOSX_DEPLOYMENT_TARGET = 14.6;
				ONLY_ACTIVE_ARCH = NO;
				PRODUCT_NAME = "$(PROJECT_NAME)";
				SKIP_INSTALL = YES;
				SWIFT_OPTIMIZATION_LEVEL = "-Onone";
				SWIFT_VERSION = 5.0;
			};
			name = Debug;
		};
		38350BFD2B53F73A00DD52B3 /* Release */ = {
			isa = XCBuildConfiguration;
			buildSettings = {
				CODE_SIGN_STYLE = Automatic;
				DEAD_CODE_STRIPPING = YES;
				DYLIB_COMPATIBILITY_VERSION = 1;
				DYLIB_CURRENT_VERSION = 1;
				ENABLE_USER_SCRIPT_SANDBOXING = NO;
				EXECUTABLE_PREFIX = lib;
				"LD_RUNPATH_SEARCH_PATHS[arch=*]" = "@executable_path/";
				LIBRARY_SEARCH_PATHS = (
					"$(inherited)",
					"$(PROJECT_DIR)/libs",
					"$(PROJECT_DIR)/libs/mac",
				);
				MACOSX_DEPLOYMENT_TARGET = 14.6;
				ONLY_ACTIVE_ARCH = NO;
				PRODUCT_NAME = "$(PROJECT_NAME)";
				SKIP_INSTALL = YES;
				SWIFT_OPTIMIZATION_LEVEL = "-O";
				SWIFT_VERSION = 5.0;
			};
			name = Release;
		};
		B5105F442E6B1D7400333727 /* Debug */ = {
			isa = XCBuildConfiguration;
			buildSettings = {
				CODE_SIGN_STYLE = Automatic;
				DEAD_CODE_STRIPPING = YES;
				DEVELOPMENT_TEAM = PF34J7Z7XR;
				DYLIB_COMPATIBILITY_VERSION = 1;
				DYLIB_CURRENT_VERSION = 1;
				ENABLE_USER_SCRIPT_SANDBOXING = NO;
				EXECUTABLE_PREFIX = lib;
				"LD_RUNPATH_SEARCH_PATHS[arch=*]" = "@executable_path/";
				LIBRARY_SEARCH_PATHS = (
					"$(inherited)",
					"$(PROJECT_DIR)/libs",
					"$(PROJECT_DIR)/libs/ios",
					"$(PROJECT_DIR)/libs/mac",
				);
				MACOSX_DEPLOYMENT_TARGET = 14.6;
				ONLY_ACTIVE_ARCH = NO;
				PRODUCT_NAME = "$(PROJECT_NAME)";
				SDKROOT = iphoneos;
				SKIP_INSTALL = YES;
				SUPPORTED_PLATFORMS = "iphoneos iphonesimulator";
				SUPPORTS_MACCATALYST = NO;
				SWIFT_VERSION = 5.0;
				TARGETED_DEVICE_FAMILY = 1;
			};
			name = Debug;
		};
		B5105F452E6B1D7400333727 /* Release */ = {
			isa = XCBuildConfiguration;
			buildSettings = {
				CODE_SIGN_STYLE = Automatic;
				DEAD_CODE_STRIPPING = YES;
				DEVELOPMENT_TEAM = PF34J7Z7XR;
				DYLIB_COMPATIBILITY_VERSION = 1;
				DYLIB_CURRENT_VERSION = 1;
				ENABLE_USER_SCRIPT_SANDBOXING = NO;
				EXECUTABLE_PREFIX = lib;
				"LD_RUNPATH_SEARCH_PATHS[arch=*]" = "@executable_path/";
				LIBRARY_SEARCH_PATHS = (
					"$(inherited)",
					"$(PROJECT_DIR)/libs",
					"$(PROJECT_DIR)/libs/ios",
					"$(PROJECT_DIR)/libs/mac",
				);
				MACOSX_DEPLOYMENT_TARGET = 14.6;
				ONLY_ACTIVE_ARCH = NO;
				PRODUCT_NAME = "$(PROJECT_NAME)";
				SDKROOT = iphoneos;
				SKIP_INSTALL = YES;
				SUPPORTED_PLATFORMS = "iphoneos iphonesimulator";
				SUPPORTS_MACCATALYST = NO;
				SWIFT_VERSION = 5.0;
				TARGETED_DEVICE_FAMILY = 1;
			};
			name = Release;
		};
/* End XCBuildConfiguration section */

/* Begin XCConfigurationList section */
		38350BED2B53F73A00DD52B3 /* Build configuration list for PBXProject "dylib_dobby_hook" */ = {
			isa = XCConfigurationList;
			buildConfigurations = (
				38350BF92B53F73A00DD52B3 /* Debug */,
				38350BFA2B53F73A00DD52B3 /* Release */,
			);
			defaultConfigurationIsVisible = 0;
			defaultConfigurationName = Release;
		};
		38350BFB2B53F73A00DD52B3 /* Build configuration list for PBXNativeTarget "dylib_dobby_hook_mac" */ = {
			isa = XCConfigurationList;
			buildConfigurations = (
				38350BFC2B53F73A00DD52B3 /* Debug */,
				38350BFD2B53F73A00DD52B3 /* Release */,
			);
			defaultConfigurationIsVisible = 0;
			defaultConfigurationName = Release;
		};
		B5105F432E6B1D7400333727 /* Build configuration list for PBXNativeTarget "dylib_dobby_hook_ios" */ = {
			isa = XCConfigurationList;
			buildConfigurations = (
				B5105F442E6B1D7400333727 /* Debug */,
				B5105F452E6B1D7400333727 /* Release */,
			);
			defaultConfigurationIsVisible = 0;
			defaultConfigurationName = Release;
		};
/* End XCConfigurationList section */
	};
	rootObject = 38350BEA2B53F73A00DD52B3 /* Project object */;
}
